PODS:
  - Realm (4.4.1):
    - Realm/Headers (= 4.4.1)
  - Realm/Headers (4.4.1)

DEPENDENCIES:
  - Realm
  - Realm/Headers

SPEC REPOS:
  trunk:
    - Realm

SPEC CHECKSUMS:
  Realm: 4eb04d7487bd43c0581256f40b424eafb711deff

PODFILE CHECKSUM: 0cb2572cfbedf4849b87a487af616b9c08291700

COCOAPODS: 1.9.0
